# This file was autogenerated by Stack.
# You should not edit this file by hand.
# For more information, please see the documentation at:
#   https://docs.haskellstack.org/en/stable/lock_files

packages:
- completed:
    size: 647785
    filepath: /Users/henry/Repositories/liquidhaskell/.stack-work/dist/x86_64-osx/Cabal-3.2.1.0/liquidhaskell-0.8.10.7.1.tar.gz
    name: liquidhaskell
    version: 0.8.10.7.1
    sha256: b978d6861d212fd524cb5825b91c5e7440e0f35cb4da404c7c7b411f2a0b699b
    pantry-tree:
      size: 70790
      sha256: 2f9c414ac48fa3c8d6bda1b2d6d2997f04c32d813de8f20f13c122b0228031fd
  original:
    filepath: /Users/henry/Repositories/liquidhaskell/.stack-work/dist/x86_64-osx/Cabal-3.2.1.0/liquidhaskell-0.8.10.7.1.tar.gz
- completed:
    size: 16148
    filepath: /Users/henry/Repositories/liquidhaskell/liquid-base/.stack-work/dist/x86_64-osx/Cabal-3.2.1.0/liquid-base-4.14.3.0.tar.gz
    name: liquid-base
    version: 4.14.3.0
    sha256: 867fba81e547aa56056b7b5e2f613903d2c236ed4fa9cb62acdd167e60bb6eb8
    pantry-tree:
      size: 14987
      sha256: d50f4f13ff814145d2b039294ba2f4e44291595536a2782540dd4f1e3e11aa1c
  original:
    filepath: /Users/henry/Repositories/liquidhaskell/liquid-base/.stack-work/dist/x86_64-osx/Cabal-3.2.1.0/liquid-base-4.14.3.0.tar.gz
- completed:
    size: 6730
    filepath: /Users/henry/Repositories/liquidhaskell/liquid-bytestring/.stack-work/dist/x86_64-osx/Cabal-3.2.1.0/liquid-bytestring-0.10.10.0.tar.gz
    name: liquid-bytestring
    version: 0.10.10.0
    sha256: 5c911182cfe80b79a6f5d412ef6dd65f783d535dfb3cf88020e72b25814b1fb9
    pantry-tree:
      size: 1770
      sha256: 7815ec4cb8fecc74e8809ba63849d2938e99bb5dc90e3f499312bfcb087b4bcf
  original:
    filepath: /Users/henry/Repositories/liquidhaskell/liquid-bytestring/.stack-work/dist/x86_64-osx/Cabal-3.2.1.0/liquid-bytestring-0.10.10.0.tar.gz
- completed:
    size: 3551
    filepath: /Users/henry/Repositories/liquidhaskell/liquid-containers/.stack-work/dist/x86_64-osx/Cabal-3.2.1.0/liquid-containers-0.6.2.1.tar.gz
    name: liquid-containers
    version: 0.6.2.1
    sha256: 20b99a23ddf6ceb59d87df6c4b44580a949d53a5f8b1ad76fba769dd75916030
    pantry-tree:
      size: 2143
      sha256: e0813348d68667e035d96bcd225b9d545693bf7827f40d41d86c4535cf120cb8
  original:
    filepath: /Users/henry/Repositories/liquidhaskell/liquid-containers/.stack-work/dist/x86_64-osx/Cabal-3.2.1.0/liquid-containers-0.6.2.1.tar.gz
- completed:
    size: 290174
    filepath: /Users/henry/Repositories/liquidhaskell/liquid-fixpoint/.stack-work/dist/x86_64-osx/Cabal-3.2.1.0/liquid-fixpoint-0.8.10.7.1.tar.gz
    name: liquid-fixpoint
    version: 0.8.10.7.1
    sha256: 538c8531f3efa3c5427ea57815b34b9f70f0c0acd7e089c4d339561b094b5904
    pantry-tree:
      size: 15305
      sha256: a0b099ece5645a2eff5049a2b58fefb5f946b8cbc9fe81f50b92fab1436411e6
  original:
    filepath: /Users/henry/Repositories/liquidhaskell/liquid-fixpoint/.stack-work/dist/x86_64-osx/Cabal-3.2.1.0/liquid-fixpoint-0.8.10.7.1.tar.gz
- completed:
    size: 3023
    filepath: /Users/henry/Repositories/liquidhaskell/liquid-ghc-prim/.stack-work/dist/x86_64-osx/Cabal-3.2.1.0/liquid-ghc-prim-0.6.1.tar.gz
    name: liquid-ghc-prim
    version: 0.6.1
    sha256: f0b85410abab8a91d73d1da233eb3ee7cf14f0b4344ce052735125c326bbb112
    pantry-tree:
      size: 912
      sha256: f4a142e73996a292cf2eae8c364f71fe9a1195937801cad720ac1394db1bd3ae
  original:
    filepath: /Users/henry/Repositories/liquidhaskell/liquid-ghc-prim/.stack-work/dist/x86_64-osx/Cabal-3.2.1.0/liquid-ghc-prim-0.6.1.tar.gz
- completed:
    size: 1813
    filepath: /Users/henry/Repositories/liquidhaskell/liquid-parallel/.stack-work/dist/x86_64-osx/Cabal-3.2.1.0/liquid-parallel-3.2.2.0.tar.gz
    name: liquid-parallel
    version: 3.2.2.0
    sha256: c49a8d7034bd338cb8bba2838d8192d3f52d19d1c29b41b6aef7e7a2626cc9f3
    pantry-tree:
      size: 429
      sha256: 2d82f14c698ec7653987a94b43b58618971511ea3e50cec54089fd4e72590f77
  original:
    filepath: /Users/henry/Repositories/liquidhaskell/liquid-parallel/.stack-work/dist/x86_64-osx/Cabal-3.2.1.0/liquid-parallel-3.2.2.0.tar.gz
- completed:
    size: 4665
    filepath: /Users/henry/Repositories/liquidhaskell/liquid-platform/.stack-work/dist/x86_64-osx/Cabal-3.2.1.0/liquid-platform-0.8.10.2.tar.gz
    name: liquid-platform
    version: 0.8.10.2
    sha256: 9ec5c965c1d565e29f860a617e2dd7a8d1872e1467e8d5e7c0c2810102651514
    pantry-tree:
      size: 275
      sha256: 0e68d2ca9590caba670977e06dcbdf9a2968f4d593074df461f5312febe02149
  original:
    filepath: /Users/henry/Repositories/liquidhaskell/liquid-platform/.stack-work/dist/x86_64-osx/Cabal-3.2.1.0/liquid-platform-0.8.10.2.tar.gz
- completed:
    size: 11181
    filepath: /Users/henry/Repositories/liquidhaskell/liquid-prelude/.stack-work/dist/x86_64-osx/Cabal-3.2.1.0/liquid-prelude-0.8.10.2.tar.gz
    name: liquid-prelude
    version: 0.8.10.2
    sha256: d0d58c493421865cd3e82aa7b2c4fed7ad89fedea31d537dc6947b134ce5cfe0
    pantry-tree:
      size: 1029
      sha256: 17fffd9d59ef7d3e7fa04b89174250bab84af77822d3f5de0124d608aa6827c6
  original:
    filepath: /Users/henry/Repositories/liquidhaskell/liquid-prelude/.stack-work/dist/x86_64-osx/Cabal-3.2.1.0/liquid-prelude-0.8.10.2.tar.gz
- completed:
    size: 2932
    filepath: /Users/henry/Repositories/liquidhaskell/liquid-vector/.stack-work/dist/x86_64-osx/Cabal-3.2.1.0/liquid-vector-0.12.1.2.tar.gz
    name: liquid-vector
    version: 0.12.1.2
    sha256: d9121e482ab815c4cc16b683ea50f574cc689c9957b7e5f9e1a96a9f9243eb59
    pantry-tree:
      size: 1724
      sha256: e8c34432bbbb4226f96e8bed70a6c4582e67dbfa123057d113c400a261aa0f2d
  original:
    filepath: /Users/henry/Repositories/liquidhaskell/liquid-vector/.stack-work/dist/x86_64-osx/Cabal-3.2.1.0/liquid-vector-0.12.1.2.tar.gz
- completed:
    hackage: optparse-applicative-0.15.1.0@sha256:29ff6146aabf54d46c4c8788e8d1eadaea27c94f6d360c690c5f6c93dac4b07e,4810
    pantry-tree:
      size: 2904
      sha256: 04ad3816bc580cbe0834d3d1f4729ddd386abfe31b43e5b14968885f636d1b0d
  original:
    hackage: optparse-applicative-0.15.1.0@sha256:29ff6146aabf54d46c4c8788e8d1eadaea27c94f6d360c690c5f6c93dac4b07e,4810
- completed:
    hackage: recursion-schemes-5.2.2@sha256:4d346a1ac4a31226b2eceb15bd815a4aa5cec3042f069322095ba2ce32224e50,3684
    pantry-tree:
      size: 666
      sha256: d7e2327339aff858ef51842b904cc8fed244899396c211a543cbcd23cfc0b04d
  original:
    hackage: recursion-schemes-5.2.2@sha256:4d346a1ac4a31226b2eceb15bd815a4aa5cec3042f069322095ba2ce32224e50,3684
- completed:
    hackage: rest-rewrite-0.1.1@sha256:eb7a6bc86dec6cb22c4af24d0dcf25ce4dac70f467d44a4e7901ac53d3c3ff5b,4983
    pantry-tree:
      size: 3353
      sha256: 6d3eb8c3dbecf65e82db3bc1b4e3ed1a2d5884b7db1b42ba0a30036cdc7533ed
  original:
    hackage: rest-rewrite-0.1.1@sha256:eb7a6bc86dec6cb22c4af24d0dcf25ce4dac70f467d44a4e7901ac53d3c3ff5b,4983
snapshots:
- completed:
    size: 586069
    url: https://raw.githubusercontent.com/commercialhaskell/stackage-snapshots/master/lts/18/14.yaml
    sha256: 87842ecbaa8ca9cee59a7e6be52369dbed82ed075cb4e0d152614a627e8fd488
  original: lts-18.14
