# This file was autogenerated by Stack.
# You should not edit this file by hand.
# For more information, please see the documentation at:
#   https://docs.haskellstack.org/en/stable/lock_files

packages:
- completed:
    hackage: liquidhaskell-0.8.10.7@sha256:dd613a6a9c9c8eaa39015574955580415800e81f6f2c2b9ee3332608dce20831,15895
    pantry-tree:
      size: 281592
      sha256: d1900790fb0b4a76bf7663e6c559947c8beec0f0038f3f5a1e781de18ff34e4c
  original:
    hackage: liquidhaskell-0.8.10.7@sha256:dd613a6a9c9c8eaa39015574955580415800e81f6f2c2b9ee3332608dce20831,15895
- completed:
    hackage: liquid-fixpoint-0.8.10.7@sha256:dee303753cf1adc8b071aa314179e26e784f3832d17b8317b114a0ac07818800,7980
    pantry-tree:
      size: 45857
      sha256: 991355b0b62906fd858b0d7dda7309cc37f71e155ca612cc023b9da0d5386e56
  original:
    hackage: liquid-fixpoint-0.8.10.7@sha256:dee303753cf1adc8b071aa314179e26e784f3832d17b8317b114a0ac07818800,7980
- completed:
    hackage: optparse-applicative-0.15.1.0@sha256:29ff6146aabf54d46c4c8788e8d1eadaea27c94f6d360c690c5f6c93dac4b07e,4810
    pantry-tree:
      size: 2904
      sha256: 04ad3816bc580cbe0834d3d1f4729ddd386abfe31b43e5b14968885f636d1b0d
  original:
    hackage: optparse-applicative-0.15.1.0@sha256:29ff6146aabf54d46c4c8788e8d1eadaea27c94f6d360c690c5f6c93dac4b07e,4810
- completed:
    hackage: recursion-schemes-5.2.2@sha256:4d346a1ac4a31226b2eceb15bd815a4aa5cec3042f069322095ba2ce32224e50,3684
    pantry-tree:
      size: 666
      sha256: d7e2327339aff858ef51842b904cc8fed244899396c211a543cbcd23cfc0b04d
  original:
    hackage: recursion-schemes-5.2.2@sha256:4d346a1ac4a31226b2eceb15bd815a4aa5cec3042f069322095ba2ce32224e50,3684
- completed:
    hackage: megaparsec-8.0.0@sha256:362f85e243ecbcb550e1de6e5c74ba5a50c09edaa1208c99bc5b9fd242227fc6,3808
    pantry-tree:
      size: 1446
      sha256: 955117c00a86970f2d0c215f33cf5293b16589c04678a0a790c03368ab6fd0aa
  original:
    hackage: megaparsec-8.0.0@sha256:362f85e243ecbcb550e1de6e5c74ba5a50c09edaa1208c99bc5b9fd242227fc6,3808
- completed:
    hackage: rest-rewrite-0.1.1@sha256:eb7a6bc86dec6cb22c4af24d0dcf25ce4dac70f467d44a4e7901ac53d3c3ff5b,4983
    pantry-tree:
      size: 3353
      sha256: 6d3eb8c3dbecf65e82db3bc1b4e3ed1a2d5884b7db1b42ba0a30036cdc7533ed
  original:
    hackage: rest-rewrite-0.1.1@sha256:eb7a6bc86dec6cb22c4af24d0dcf25ce4dac70f467d44a4e7901ac53d3c3ff5b,4983
snapshots:
- completed:
    size: 586069
    url: https://raw.githubusercontent.com/commercialhaskell/stackage-snapshots/master/lts/18/14.yaml
    sha256: 87842ecbaa8ca9cee59a7e6be52369dbed82ed075cb4e0d152614a627e8fd488
  original: lts-18.14
